
Microsoft Visual Studio Solution File, Format Version 12.00
# Visual Studio Version 17
VisualStudioVersion = 17.10.35013.160
MinimumVisualStudioVersion = 10.0.40219.1
Project("{FAE04EC0-301F-11D3-BF4B-00C04F79EFBC}") = "Calculator", "Calculator.csproj", "{2331547E-B772-413B-86EB-3E006CCF2E19}"
EndProject
Project("{FAE04EC0-301F-11D3-BF4B-00C04F79EFBC}") = "Learning", "..\Learning\Learning.csproj", "{FAD71E7B-E003-46F1-B0A0-80767AA6AF16}"
EndProject
Project("{9A19103F-16F7-4668-BE54-9A1E7A4F7556}") = "Learning_Console", "..\Learning_Console\Learning_Console.csproj", "{F182A9DE-9054-4C38-AF9B-735925E7A5D8}"
EndProject
Project("{FAE04EC0-301F-11D3-BF4B-00C04F79EFBC}") = "Employees_ArielReps", "..\Employees_ArielReps\Employees_ArielReps.csproj", "{C1ECFA78-03DD-4878-92C7-012D1F9E9C3F}"
EndProject
Project("{FAE04EC0-301F-11D3-BF4B-00C04F79EFBC}") = "Employees_akoenigwebiks", "..\Employees_akoenigwebiks\Employees_akoenigwebiks.csproj", "{C74D1AEC-9864-4365-A91B-1662E2C6BB7C}"
EndProject
Project("{FAE04EC0-301F-11D3-BF4B-00C04F79EFBC}") = "time_clock_matanelwebiks", "..\time_clock_matanelwebiks\time_clock_matanelwebiks.csproj", "{A6952239-EA92-4D05-9624-80817DCB51D3}"
EndProject
Project("{2150E333-8FDC-42A3-9474-1A3956D46DE8}") = "TimeClock", "TimeClock", "{1E462944-B5CD-4EA3-B057-B941FF2505D1}"
EndProject
Project("{2150E333-8FDC-42A3-9474-1A3956D46DE8}") = "Calculator", "Calculator", "{9E79B804-C5D7-4856-A4D2-B850972EE728}"
EndProject
Project("{2150E333-8FDC-42A3-9474-1A3956D46DE8}") = "Employees", "Employees", "{CF7B44DB-3CD2-471B-8AA8-2F78247C9FF8}"
EndProject
Project("{2150E333-8FDC-42A3-9474-1A3956D46DE8}") = "Learning", "Learning", "{5135E7F1-AEBA-4E5A-9682-784BAA6D8507}"
EndProject
Project("{2150E333-8FDC-42A3-9474-1A3956D46DE8}") = "ShabbatGuests", "ShabbatGuests", "{6A50F612-B6A2-46E1-AF22-1B9097E6FC34}"
EndProject
Project("{FAE04EC0-301F-11D3-BF4B-00C04F79EFBC}") = "ShabbatGuests_Matanel_240718", "..\ShabbatGuests_Matanel\ShabbatGuests_Matanel_240718.csproj", "{07DE43F1-3BC6-40C8-AC1C-BE5C9DC9B319}"
EndProject
Project("{9A19103F-16F7-4668-BE54-9A1E7A4F7556}") = "MyFriends_urielbroner", "..\MyFriends\MyFriends_urielbroner.csproj", "{A461E332-ADE3-466A-B0F5-68AC1795D4D7}"
EndProject
Project("{9A19103F-16F7-4668-BE54-9A1E7A4F7556}") = "XML_First_Project", "..\XML_First_Project\XML_First_Project.csproj", "{24388371-EF97-44B4-9EF8-061A3D5C4241}"
EndProject
Project("{2150E333-8FDC-42A3-9474-1A3956D46DE8}") = "VendingMachine", "VendingMachine", "{7BA65B45-B375-46BB-981F-23DEA0A39DD5}"
EndProject
Project("{FAE04EC0-301F-11D3-BF4B-00C04F79EFBC}") = "VendingMachine_Matanel", "..\VendingMachine\VendingMachine_Matanel.csproj", "{43346E63-8692-4A9C-9E15-451D2262D69A}"
EndProject
Project("{FAE04EC0-301F-11D3-BF4B-00C04F79EFBC}") = "Drink", "..\Drink_UrielBroner\Drink.csproj", "{2BE98CC3-D935-4E59-BC9E-12CCC187F02C}"
EndProject
Project("{9A19103F-16F7-4668-BE54-9A1E7A4F7556}") = "XMLSimpleProject", "..\XMLSimpleProject\XMLSimpleProject.csproj", "{AFC4EE83-A412-4157-AA21-2F7308C7268D}"
EndProject
Project("{2150E333-8FDC-42A3-9474-1A3956D46DE8}") = "MyFriend", "MyFriend", "{A77E74A4-5D02-4222-B719-CE8AE138EC1A}"
EndProject
Project("{9A19103F-16F7-4668-BE54-9A1E7A4F7556}") = "MVCShopSimple", "..\MVCShopSimple\MVCShopSimple.csproj", "{E3898D4F-E0B4-42C1-8E9C-3ADD8491F135}"
EndProject
Project("{9A19103F-16F7-4668-BE54-9A1E7A4F7556}") = "MyFriends2_urielbroner", "..\MyFriends2_urielbroner\MyFriends2_urielbroner.csproj", "{BF90BEE7-9260-4FC6-BB70-6DF5A895D068}"
EndProject
Project("{9A19103F-16F7-4668-BE54-9A1E7A4F7556}") = "MVCShoeShop", "..\MVCShoeShop\MVCShoeShop.csproj", "{1DA0604F-55C9-4A9B-AF59-A55A13291D71}"
EndProject
Project("{9A19103F-16F7-4668-BE54-9A1E7A4F7556}") = "MyFriends_Matanel", "..\_MyFriends\MyFriends_Matanel.csproj", "{4B73C750-021C-4D7B-89D5-6642F258019B}"
EndProject
Project("{9A19103F-16F7-4668-BE54-9A1E7A4F7556}") = "MyFriends3.5_avi", "..\MyFriends3.5-Avi\MyFriends3.5_avi.csproj", "{8A2D4970-2CE4-4C2B-B7D1-E25623311D2A}"
EndProject
Project("{2150E333-8FDC-42A3-9474-1A3956D46DE8}") = "Library", "Library", "{680C081E-D146-45B0-B6B9-E9F766E3EB80}"
EndProject
Project("{9A19103F-16F7-4668-BE54-9A1E7A4F7556}") = "LibraryClassExercise", "..\LibraryClassExercise\LibraryClassExercise.csproj", "{CC71F103-A6B8-4B06-875F-EA9FCECC1189}"
EndProject
Project("{9A19103F-16F7-4668-BE54-9A1E7A4F7556}") = "Chat", "..\Chat\Chat.csproj", "{33EF1179-DB56-4D2E-B2AA-1C2CDE12CF19}"
EndProject
Project("{9A19103F-16F7-4668-BE54-9A1E7A4F7556}") = "MultiTasking", "..\MultiTasking\MultiTasking.csproj", "{2C7E5D0F-CFD6-49E8-A68E-44EDB9067449}"
EndProject
Project("{2150E333-8FDC-42A3-9474-1A3956D46DE8}") = "IronDome", "IronDome", "{B6E39C6C-2511-417A-A4FF-2C07E74C57FF}"
EndProject
Project("{9A19103F-16F7-4668-BE54-9A1E7A4F7556}") = "IronDome", "..\IronDome1\IronDome.csproj", "{0B8379E7-5649-4FB8-BE81-FBA5BD828473}"
EndProject
Project("{FAE04EC0-301F-11D3-BF4B-00C04F79EFBC}") = "MossadCC", "..\_Final_Project\MossadCommandCenter_Tomer\MossadCC.csproj", "{65018A2E-A7A7-4DAE-A658-9896FA706BF2}"
EndProject
Project("{2150E333-8FDC-42A3-9474-1A3956D46DE8}") = "FinalProject_Mossad", "FinalProject_Mossad", "{A72EA21D-295F-4693-A9A0-DE6CBBE15FFF}"
EndProject
Global
	GlobalSection(SolutionConfigurationPlatforms) = preSolution
		Debug|Any CPU = Debug|Any CPU
		Release|Any CPU = Release|Any CPU
	EndGlobalSection
	GlobalSection(ProjectConfigurationPlatforms) = postSolution
		{2331547E-B772-413B-86EB-3E006CCF2E19}.Debug|Any CPU.ActiveCfg = Debug|Any CPU
		{2331547E-B772-413B-86EB-3E006CCF2E19}.Debug|Any CPU.Build.0 = Debug|Any CPU
		{2331547E-B772-413B-86EB-3E006CCF2E19}.Release|Any CPU.ActiveCfg = Release|Any CPU
		{2331547E-B772-413B-86EB-3E006CCF2E19}.Release|Any CPU.Build.0 = Release|Any CPU
		{FAD71E7B-E003-46F1-B0A0-80767AA6AF16}.Debug|Any CPU.ActiveCfg = Debug|Any CPU
		{FAD71E7B-E003-46F1-B0A0-80767AA6AF16}.Debug|Any CPU.Build.0 = Debug|Any CPU
		{FAD71E7B-E003-46F1-B0A0-80767AA6AF16}.Release|Any CPU.ActiveCfg = Release|Any CPU
		{FAD71E7B-E003-46F1-B0A0-80767AA6AF16}.Release|Any CPU.Build.0 = Release|Any CPU
		{F182A9DE-9054-4C38-AF9B-735925E7A5D8}.Debug|Any CPU.ActiveCfg = Debug|Any CPU
		{F182A9DE-9054-4C38-AF9B-735925E7A5D8}.Debug|Any CPU.Build.0 = Debug|Any CPU
		{F182A9DE-9054-4C38-AF9B-735925E7A5D8}.Release|Any CPU.ActiveCfg = Release|Any CPU
		{F182A9DE-9054-4C38-AF9B-735925E7A5D8}.Release|Any CPU.Build.0 = Release|Any CPU
		{C1ECFA78-03DD-4878-92C7-012D1F9E9C3F}.Debug|Any CPU.ActiveCfg = Debug|Any CPU
		{C1ECFA78-03DD-4878-92C7-012D1F9E9C3F}.Debug|Any CPU.Build.0 = Debug|Any CPU
		{C1ECFA78-03DD-4878-92C7-012D1F9E9C3F}.Release|Any CPU.ActiveCfg = Release|Any CPU
		{C1ECFA78-03DD-4878-92C7-012D1F9E9C3F}.Release|Any CPU.Build.0 = Release|Any CPU
		{C74D1AEC-9864-4365-A91B-1662E2C6BB7C}.Debug|Any CPU.ActiveCfg = Debug|Any CPU
		{C74D1AEC-9864-4365-A91B-1662E2C6BB7C}.Debug|Any CPU.Build.0 = Debug|Any CPU
		{C74D1AEC-9864-4365-A91B-1662E2C6BB7C}.Release|Any CPU.ActiveCfg = Release|Any CPU
		{C74D1AEC-9864-4365-A91B-1662E2C6BB7C}.Release|Any CPU.Build.0 = Release|Any CPU
		{A6952239-EA92-4D05-9624-80817DCB51D3}.Debug|Any CPU.ActiveCfg = Debug|Any CPU
		{A6952239-EA92-4D05-9624-80817DCB51D3}.Debug|Any CPU.Build.0 = Debug|Any CPU
		{A6952239-EA92-4D05-9624-80817DCB51D3}.Release|Any CPU.ActiveCfg = Release|Any CPU
		{A6952239-EA92-4D05-9624-80817DCB51D3}.Release|Any CPU.Build.0 = Release|Any CPU
		{07DE43F1-3BC6-40C8-AC1C-BE5C9DC9B319}.Debug|Any CPU.ActiveCfg = Debug|Any CPU
		{07DE43F1-3BC6-40C8-AC1C-BE5C9DC9B319}.Debug|Any CPU.Build.0 = Debug|Any CPU
		{07DE43F1-3BC6-40C8-AC1C-BE5C9DC9B319}.Release|Any CPU.ActiveCfg = Release|Any CPU
		{07DE43F1-3BC6-40C8-AC1C-BE5C9DC9B319}.Release|Any CPU.Build.0 = Release|Any CPU
		{A461E332-ADE3-466A-B0F5-68AC1795D4D7}.Debug|Any CPU.ActiveCfg = Debug|Any CPU
		{A461E332-ADE3-466A-B0F5-68AC1795D4D7}.Debug|Any CPU.Build.0 = Debug|Any CPU
		{A461E332-ADE3-466A-B0F5-68AC1795D4D7}.Release|Any CPU.ActiveCfg = Release|Any CPU
		{A461E332-ADE3-466A-B0F5-68AC1795D4D7}.Release|Any CPU.Build.0 = Release|Any CPU
		{24388371-EF97-44B4-9EF8-061A3D5C4241}.Debug|Any CPU.ActiveCfg = Debug|Any CPU
		{24388371-EF97-44B4-9EF8-061A3D5C4241}.Debug|Any CPU.Build.0 = Debug|Any CPU
		{24388371-EF97-44B4-9EF8-061A3D5C4241}.Release|Any CPU.ActiveCfg = Release|Any CPU
		{24388371-EF97-44B4-9EF8-061A3D5C4241}.Release|Any CPU.Build.0 = Release|Any CPU
		{43346E63-8692-4A9C-9E15-451D2262D69A}.Debug|Any CPU.ActiveCfg = Debug|Any CPU
		{43346E63-8692-4A9C-9E15-451D2262D69A}.Debug|Any CPU.Build.0 = Debug|Any CPU
		{43346E63-8692-4A9C-9E15-451D2262D69A}.Release|Any CPU.ActiveCfg = Release|Any CPU
		{43346E63-8692-4A9C-9E15-451D2262D69A}.Release|Any CPU.Build.0 = Release|Any CPU
		{2BE98CC3-D935-4E59-BC9E-12CCC187F02C}.Debug|Any CPU.ActiveCfg = Debug|Any CPU
		{2BE98CC3-D935-4E59-BC9E-12CCC187F02C}.Debug|Any CPU.Build.0 = Debug|Any CPU
		{2BE98CC3-D935-4E59-BC9E-12CCC187F02C}.Release|Any CPU.ActiveCfg = Release|Any CPU
		{2BE98CC3-D935-4E59-BC9E-12CCC187F02C}.Release|Any CPU.Build.0 = Release|Any CPU
		{AFC4EE83-A412-4157-AA21-2F7308C7268D}.Debug|Any CPU.ActiveCfg = Debug|Any CPU
		{AFC4EE83-A412-4157-AA21-2F7308C7268D}.Debug|Any CPU.Build.0 = Debug|Any CPU
		{AFC4EE83-A412-4157-AA21-2F7308C7268D}.Release|Any CPU.ActiveCfg = Release|Any CPU
		{AFC4EE83-A412-4157-AA21-2F7308C7268D}.Release|Any CPU.Build.0 = Release|Any CPU
		{E3898D4F-E0B4-42C1-8E9C-3ADD8491F135}.Debug|Any CPU.ActiveCfg = Debug|Any CPU
		{E3898D4F-E0B4-42C1-8E9C-3ADD8491F135}.Debug|Any CPU.Build.0 = Debug|Any CPU
		{E3898D4F-E0B4-42C1-8E9C-3ADD8491F135}.Release|Any CPU.ActiveCfg = Release|Any CPU
		{E3898D4F-E0B4-42C1-8E9C-3ADD8491F135}.Release|Any CPU.Build.0 = Release|Any CPU
		{BF90BEE7-9260-4FC6-BB70-6DF5A895D068}.Debug|Any CPU.ActiveCfg = Debug|Any CPU
		{BF90BEE7-9260-4FC6-BB70-6DF5A895D068}.Debug|Any CPU.Build.0 = Debug|Any CPU
		{BF90BEE7-9260-4FC6-BB70-6DF5A895D068}.Release|Any CPU.ActiveCfg = Release|Any CPU
		{BF90BEE7-9260-4FC6-BB70-6DF5A895D068}.Release|Any CPU.Build.0 = Release|Any CPU
		{1DA0604F-55C9-4A9B-AF59-A55A13291D71}.Debug|Any CPU.ActiveCfg = Debug|Any CPU
		{1DA0604F-55C9-4A9B-AF59-A55A13291D71}.Debug|Any CPU.Build.0 = Debug|Any CPU
		{1DA0604F-55C9-4A9B-AF59-A55A13291D71}.Release|Any CPU.ActiveCfg = Release|Any CPU
		{1DA0604F-55C9-4A9B-AF59-A55A13291D71}.Release|Any CPU.Build.0 = Release|Any CPU
		{4B73C750-021C-4D7B-89D5-6642F258019B}.Debug|Any CPU.ActiveCfg = Debug|Any CPU
		{4B73C750-021C-4D7B-89D5-6642F258019B}.Debug|Any CPU.Build.0 = Debug|Any CPU
		{4B73C750-021C-4D7B-89D5-6642F258019B}.Release|Any CPU.ActiveCfg = Release|Any CPU
		{4B73C750-021C-4D7B-89D5-6642F258019B}.Release|Any CPU.Build.0 = Release|Any CPU
		{8A2D4970-2CE4-4C2B-B7D1-E25623311D2A}.Debug|Any CPU.ActiveCfg = Debug|Any CPU
		{8A2D4970-2CE4-4C2B-B7D1-E25623311D2A}.Debug|Any CPU.Build.0 = Debug|Any CPU
		{8A2D4970-2CE4-4C2B-B7D1-E25623311D2A}.Release|Any CPU.ActiveCfg = Release|Any CPU
		{8A2D4970-2CE4-4C2B-B7D1-E25623311D2A}.Release|Any CPU.Build.0 = Release|Any CPU
		{CC71F103-A6B8-4B06-875F-EA9FCECC1189}.Debug|Any CPU.ActiveCfg = Debug|Any CPU
		{CC71F103-A6B8-4B06-875F-EA9FCECC1189}.Debug|Any CPU.Build.0 = Debug|Any CPU
		{CC71F103-A6B8-4B06-875F-EA9FCECC1189}.Release|Any CPU.ActiveCfg = Release|Any CPU
		{CC71F103-A6B8-4B06-875F-EA9FCECC1189}.Release|Any CPU.Build.0 = Release|Any CPU
		{33EF1179-DB56-4D2E-B2AA-1C2CDE12CF19}.Debug|Any CPU.ActiveCfg = Debug|Any CPU
		{33EF1179-DB56-4D2E-B2AA-1C2CDE12CF19}.Debug|Any CPU.Build.0 = Debug|Any CPU
		{33EF1179-DB56-4D2E-B2AA-1C2CDE12CF19}.Release|Any CPU.ActiveCfg = Release|Any CPU
		{33EF1179-DB56-4D2E-B2AA-1C2CDE12CF19}.Release|Any CPU.Build.0 = Release|Any CPU
		{2C7E5D0F-CFD6-49E8-A68E-44EDB9067449}.Debug|Any CPU.ActiveCfg = Debug|Any CPU
		{2C7E5D0F-CFD6-49E8-A68E-44EDB9067449}.Debug|Any CPU.Build.0 = Debug|Any CPU
		{2C7E5D0F-CFD6-49E8-A68E-44EDB9067449}.Release|Any CPU.ActiveCfg = Release|Any CPU
		{2C7E5D0F-CFD6-49E8-A68E-44EDB9067449}.Release|Any CPU.Build.0 = Release|Any CPU
		{0B8379E7-5649-4FB8-BE81-FBA5BD828473}.Debug|Any CPU.ActiveCfg = Debug|Any CPU
		{0B8379E7-5649-4FB8-BE81-FBA5BD828473}.Debug|Any CPU.Build.0 = Debug|Any CPU
		{0B8379E7-5649-4FB8-BE81-FBA5BD828473}.Release|Any CPU.ActiveCfg = Release|Any CPU
		{0B8379E7-5649-4FB8-BE81-FBA5BD828473}.Release|Any CPU.Build.0 = Release|Any CPU
		{65018A2E-A7A7-4DAE-A658-9896FA706BF2}.Debug|Any CPU.ActiveCfg = Debug|Any CPU
		{65018A2E-A7A7-4DAE-A658-9896FA706BF2}.Debug|Any CPU.Build.0 = Debug|Any CPU
		{65018A2E-A7A7-4DAE-A658-9896FA706BF2}.Release|Any CPU.ActiveCfg = Release|Any CPU
		{65018A2E-A7A7-4DAE-A658-9896FA706BF2}.Release|Any CPU.Build.0 = Release|Any CPU
	EndGlobalSection
	GlobalSection(SolutionProperties) = preSolution
		HideSolutionNode = FALSE
	EndGlobalSection
	GlobalSection(NestedProjects) = preSolution
		{2331547E-B772-413B-86EB-3E006CCF2E19} = {9E79B804-C5D7-4856-A4D2-B850972EE728}
		{FAD71E7B-E003-46F1-B0A0-80767AA6AF16} = {5135E7F1-AEBA-4E5A-9682-784BAA6D8507}
		{F182A9DE-9054-4C38-AF9B-735925E7A5D8} = {5135E7F1-AEBA-4E5A-9682-784BAA6D8507}
		{C1ECFA78-03DD-4878-92C7-012D1F9E9C3F} = {CF7B44DB-3CD2-471B-8AA8-2F78247C9FF8}
		{C74D1AEC-9864-4365-A91B-1662E2C6BB7C} = {CF7B44DB-3CD2-471B-8AA8-2F78247C9FF8}
		{A6952239-EA92-4D05-9624-80817DCB51D3} = {1E462944-B5CD-4EA3-B057-B941FF2505D1}
		{07DE43F1-3BC6-40C8-AC1C-BE5C9DC9B319} = {6A50F612-B6A2-46E1-AF22-1B9097E6FC34}
		{A461E332-ADE3-466A-B0F5-68AC1795D4D7} = {A77E74A4-5D02-4222-B719-CE8AE138EC1A}
		{24388371-EF97-44B4-9EF8-061A3D5C4241} = {5135E7F1-AEBA-4E5A-9682-784BAA6D8507}
		{43346E63-8692-4A9C-9E15-451D2262D69A} = {7BA65B45-B375-46BB-981F-23DEA0A39DD5}
		{2BE98CC3-D935-4E59-BC9E-12CCC187F02C} = {7BA65B45-B375-46BB-981F-23DEA0A39DD5}
		{AFC4EE83-A412-4157-AA21-2F7308C7268D} = {5135E7F1-AEBA-4E5A-9682-784BAA6D8507}
		{E3898D4F-E0B4-42C1-8E9C-3ADD8491F135} = {5135E7F1-AEBA-4E5A-9682-784BAA6D8507}
		{BF90BEE7-9260-4FC6-BB70-6DF5A895D068} = {A77E74A4-5D02-4222-B719-CE8AE138EC1A}
		{1DA0604F-55C9-4A9B-AF59-A55A13291D71} = {5135E7F1-AEBA-4E5A-9682-784BAA6D8507}
		{4B73C750-021C-4D7B-89D5-6642F258019B} = {A77E74A4-5D02-4222-B719-CE8AE138EC1A}
		{8A2D4970-2CE4-4C2B-B7D1-E25623311D2A} = {A77E74A4-5D02-4222-B719-CE8AE138EC1A}
		{CC71F103-A6B8-4B06-875F-EA9FCECC1189} = {680C081E-D146-45B0-B6B9-E9F766E3EB80}
		{33EF1179-DB56-4D2E-B2AA-1C2CDE12CF19} = {5135E7F1-AEBA-4E5A-9682-784BAA6D8507}
		{2C7E5D0F-CFD6-49E8-A68E-44EDB9067449} = {5135E7F1-AEBA-4E5A-9682-784BAA6D8507}
		{0B8379E7-5649-4FB8-BE81-FBA5BD828473} = {B6E39C6C-2511-417A-A4FF-2C07E74C57FF}
		{65018A2E-A7A7-4DAE-A658-9896FA706BF2} = {A72EA21D-295F-4693-A9A0-DE6CBBE15FFF}
	EndGlobalSection
	GlobalSection(ExtensibilityGlobals) = postSolution
		SolutionGuid = {F4334404-E8F3-4401-B199-EEEEC9EFAF47}
	EndGlobalSection
EndGlobal
